
Microsoft Visual Studio Solution File, Format Version 12.00
# Visual Studio Version 17
VisualStudioVersion = 17.6.33801.468
MinimumVisualStudioVersion = 10.0.40219.1
Project("{FAE04EC0-301F-11D3-BF4B-00C04F79EFBC}") = "CommunicationApp", "CommunicationApp\CommunicationApp.csproj", "{5DDF7727-FD35-416E-9B89-15195F1F592D}"
EndProject
Project("{FAE04EC0-301F-11D3-BF4B-00C04F79EFBC}") = "SharedLibrary", "SharedLibrary\SharedLibrary.csproj", "{3ED78170-B43C-4A28-94C4-81DD80717AE4}"
EndProject
Project("{FAE04EC0-301F-11D3-BF4B-00C04F79EFBC}") = "WpfApp1", "WpfApp1\WpfApp1.csproj", "{4AB2B022-24DF-45A3-B6ED-5E73E1DC6CA5}"
EndProject
Project("{FAE04EC0-301F-11D3-BF4B-00C04F79EFBC}") = "ConsoleApp2", "ConsoleApp2\ConsoleApp2.csproj", "{0023E84E-BFB9-466B-AE3E-EE9474DC2DB3}"
EndProject
Project("{FAE04EC0-301F-11D3-BF4B-00C04F79EFBC}") = "ConsoleApp3", "ConsoleApp3\ConsoleApp3.csproj", "{DC4106D4-E15A-4BF4-A0BB-0127A16BAF34}"
EndProject
Global
	GlobalSection(SolutionConfigurationPlatforms) = preSolution
		Debug|Any CPU = Debug|Any CPU
		Release|Any CPU = Release|Any CPU
	EndGlobalSection
	GlobalSection(ProjectConfigurationPlatforms) = postSolution
		{5DDF7727-FD35-416E-9B89-15195F1F592D}.Debug|Any CPU.ActiveCfg = Debug|Any CPU
		{5DDF7727-FD35-416E-9B89-15195F1F592D}.Debug|Any CPU.Build.0 = Debug|Any CPU
		{5DDF7727-FD35-416E-9B89-15195F1F592D}.Release|Any CPU.ActiveCfg = Release|Any CPU
		{5DDF7727-FD35-416E-9B89-15195F1F592D}.Release|Any CPU.Build.0 = Release|Any CPU
		{3ED78170-B43C-4A28-94C4-81DD80717AE4}.Debug|Any CPU.ActiveCfg = Debug|Any CPU
		{3ED78170-B43C-4A28-94C4-81DD80717AE4}.Debug|Any CPU.Build.0 = Debug|Any CPU
		{3ED78170-B43C-4A28-94C4-81DD80717AE4}.Release|Any CPU.ActiveCfg = Release|Any CPU
		{3ED78170-B43C-4A28-94C4-81DD80717AE4}.Release|Any CPU.Build.0 = Release|Any CPU
		{4AB2B022-24DF-45A3-B6ED-5E73E1DC6CA5}.Debug|Any CPU.ActiveCfg = Debug|Any CPU
		{4AB2B022-24DF-45A3-B6ED-5E73E1DC6CA5}.Debug|Any CPU.Build.0 = Debug|Any CPU
		{4AB2B022-24DF-45A3-B6ED-5E73E1DC6CA5}.Release|Any CPU.ActiveCfg = Release|Any CPU
		{4AB2B022-24DF-45A3-B6ED-5E73E1DC6CA5}.Release|Any CPU.Build.0 = Release|Any CPU
		{0023E84E-BFB9-466B-AE3E-EE9474DC2DB3}.Debug|Any CPU.ActiveCfg = Debug|Any CPU
		{0023E84E-BFB9-466B-AE3E-EE9474DC2DB3}.Debug|Any CPU.Build.0 = Debug|Any CPU
		{0023E84E-BFB9-466B-AE3E-EE9474DC2DB3}.Release|Any CPU.ActiveCfg = Release|Any CPU
		{0023E84E-BFB9-466B-AE3E-EE9474DC2DB3}.Release|Any CPU.Build.0 = Release|Any CPU
		{DC4106D4-E15A-4BF4-A0BB-0127A16BAF34}.Debug|Any CPU.ActiveCfg = Debug|Any CPU
		{DC4106D4-E15A-4BF4-A0BB-0127A16BAF34}.Debug|Any CPU.Build.0 = Debug|Any CPU
		{DC4106D4-E15A-4BF4-A0BB-0127A16BAF34}.Release|Any CPU.ActiveCfg = Release|Any CPU
		{DC4106D4-E15A-4BF4-A0BB-0127A16BAF34}.Release|Any CPU.Build.0 = Release|Any CPU
	EndGlobalSection
	GlobalSection(SolutionProperties) = preSolution
		HideSolutionNode = FALSE
	EndGlobalSection
	GlobalSection(ExtensibilityGlobals) = postSolution
		SolutionGuid = {B47FF7EB-5BAE-4287-A023-CE662AF2838F}
	EndGlobalSection
EndGlobal
